
Microsoft Visual Studio Solution File, Format Version 12.00
# Visual Studio Version 17
VisualStudioVersion = 17.11.35327.3
MinimumVisualStudioVersion = 10.0.40219.1
Project("{FAE04EC0-301F-11D3-BF4B-00C04F79EFBC}") = "Pweb(kilme)", "Pweb(kilme)\Pweb(kilme).csproj", "{DF3956BF-BEA7-446F-BA5A-583C42C5D501}"
EndProject
Global
	GlobalSection(SolutionConfigurationPlatforms) = preSolution
		Debug|Any CPU = Debug|Any CPU
		Release|Any CPU = Release|Any CPU
	EndGlobalSection
	GlobalSection(ProjectConfigurationPlatforms) = postSolution
		{DF3956BF-BEA7-446F-BA5A-583C42C5D501}.Debug|Any CPU.ActiveCfg = Debug|Any CPU
		{DF3956BF-BEA7-446F-BA5A-583C42C5D501}.Debug|Any CPU.Build.0 = Debug|Any CPU
		{DF3956BF-BEA7-446F-BA5A-583C42C5D501}.Release|Any CPU.ActiveCfg = Release|Any CPU
		{DF3956BF-BEA7-446F-BA5A-583C42C5D501}.Release|Any CPU.Build.0 = Release|Any CPU
	EndGlobalSection
	GlobalSection(SolutionProperties) = preSolution
		HideSolutionNode = FALSE
	EndGlobalSection
	GlobalSection(ExtensibilityGlobals) = postSolution
		SolutionGuid = {45B365C1-5C20-4EFA-B6F9-9E310810103D}
	EndGlobalSection
EndGlobal
